
Microsoft Visual Studio Solution File, Format Version 12.00
# Visual Studio 2012
Project("{FAE04EC0-301F-11D3-BF4B-00C04F79EFBC}") = "FullertonWorld", "FullertonWorld\FullertonWorld.csproj", "{20FCF3C1-A12A-4462-B25B-DA5BFA1FE400}"
EndProject
Global
	GlobalSection(SolutionConfigurationPlatforms) = preSolution
		Debug|Any CPU = Debug|Any CPU
		Release|Any CPU = Release|Any CPU
	EndGlobalSection
	GlobalSection(ProjectConfigurationPlatforms) = postSolution
		{20FCF3C1-A12A-4462-B25B-DA5BFA1FE400}.Debug|Any CPU.ActiveCfg = Debug|Any CPU
		{20FCF3C1-A12A-4462-B25B-DA5BFA1FE400}.Debug|Any CPU.Build.0 = Debug|Any CPU
		{20FCF3C1-A12A-4462-B25B-DA5BFA1FE400}.Release|Any CPU.ActiveCfg = Release|Any CPU
		{20FCF3C1-A12A-4462-B25B-DA5BFA1FE400}.Release|Any CPU.Build.0 = Release|Any CPU
	EndGlobalSection
	GlobalSection(SolutionProperties) = preSolution
		HideSolutionNode = FALSE
	EndGlobalSection
EndGlobal
